
Microsoft Visual Studio Solution File, Format Version 12.00
# Visual Studio 15
VisualStudioVersion = 15.0.27004.2009
MinimumVisualStudioVersion = 10.0.40219.1
Project("{FAE04EC0-301F-11D3-BF4B-00C04F79EFBC}") = "Demo for Strings", "Demo for Strings\Demo for Strings.csproj", "{714CC4A7-E30D-471D-A627-A9F356F7424B}"
EndProject
Global
	GlobalSection(SolutionConfigurationPlatforms) = preSolution
		Debug|Any CPU = Debug|Any CPU
		Release|Any CPU = Release|Any CPU
	EndGlobalSection
	GlobalSection(ProjectConfigurationPlatforms) = postSolution
		{714CC4A7-E30D-471D-A627-A9F356F7424B}.Debug|Any CPU.ActiveCfg = Debug|Any CPU
		{714CC4A7-E30D-471D-A627-A9F356F7424B}.Debug|Any CPU.Build.0 = Debug|Any CPU
		{714CC4A7-E30D-471D-A627-A9F356F7424B}.Release|Any CPU.ActiveCfg = Release|Any CPU
		{714CC4A7-E30D-471D-A627-A9F356F7424B}.Release|Any CPU.Build.0 = Release|Any CPU
	EndGlobalSection
	GlobalSection(SolutionProperties) = preSolution
		HideSolutionNode = FALSE
	EndGlobalSection
	GlobalSection(ExtensibilityGlobals) = postSolution
		SolutionGuid = {544EA7AF-EEBB-4C02-AF19-1A9EC5AE22B8}
	EndGlobalSection
EndGlobal
